
Microsoft Visual Studio Solution File, Format Version 12.00
# Visual Studio Version 16
VisualStudioVersion = 16.0.30717.126
MinimumVisualStudioVersion = 10.0.40219.1
Project("{FAE04EC0-301F-11D3-BF4B-00C04F79EFBC}") = "CameraImageClassification_WPF", "CameraImageClassification_WPF\CameraImageClassification_WPF.csproj", "{D5B06EAB-C5BB-4F0B-9E4F-8FBF9BB758F4}"
EndProject
Project("{FAE04EC0-301F-11D3-BF4B-00C04F79EFBC}") = "CameraImageClassification_CMD", "CameraImageClassification_CMD\CameraImageClassification_CMD.csproj", "{3EB5EE7F-8F99-45F5-A8B4-36AF7C165065}"
EndProject
Project("{FAE04EC0-301F-11D3-BF4B-00C04F79EFBC}") = "CameraImageClassification_BLL", "CameraImageClassification_BLL\CameraImageClassification_BLL.csproj", "{8F05BFEA-5744-4199-987E-7A4561941F4D}"
EndProject
Global
	GlobalSection(SolutionConfigurationPlatforms) = preSolution
		Debug|Any CPU = Debug|Any CPU
		Release|Any CPU = Release|Any CPU
	EndGlobalSection
	GlobalSection(ProjectConfigurationPlatforms) = postSolution
		{D5B06EAB-C5BB-4F0B-9E4F-8FBF9BB758F4}.Debug|Any CPU.ActiveCfg = Debug|Any CPU
		{D5B06EAB-C5BB-4F0B-9E4F-8FBF9BB758F4}.Debug|Any CPU.Build.0 = Debug|Any CPU
		{D5B06EAB-C5BB-4F0B-9E4F-8FBF9BB758F4}.Release|Any CPU.ActiveCfg = Release|Any CPU
		{D5B06EAB-C5BB-4F0B-9E4F-8FBF9BB758F4}.Release|Any CPU.Build.0 = Release|Any CPU
		{3EB5EE7F-8F99-45F5-A8B4-36AF7C165065}.Debug|Any CPU.ActiveCfg = Debug|Any CPU
		{3EB5EE7F-8F99-45F5-A8B4-36AF7C165065}.Debug|Any CPU.Build.0 = Debug|Any CPU
		{3EB5EE7F-8F99-45F5-A8B4-36AF7C165065}.Release|Any CPU.ActiveCfg = Release|Any CPU
		{3EB5EE7F-8F99-45F5-A8B4-36AF7C165065}.Release|Any CPU.Build.0 = Release|Any CPU
		{8F05BFEA-5744-4199-987E-7A4561941F4D}.Debug|Any CPU.ActiveCfg = Debug|Any CPU
		{8F05BFEA-5744-4199-987E-7A4561941F4D}.Debug|Any CPU.Build.0 = Debug|Any CPU
		{8F05BFEA-5744-4199-987E-7A4561941F4D}.Release|Any CPU.ActiveCfg = Release|Any CPU
		{8F05BFEA-5744-4199-987E-7A4561941F4D}.Release|Any CPU.Build.0 = Release|Any CPU
	EndGlobalSection
	GlobalSection(SolutionProperties) = preSolution
		HideSolutionNode = FALSE
	EndGlobalSection
	GlobalSection(ExtensibilityGlobals) = postSolution
		SolutionGuid = {7CBEC786-C4A3-4408-A30B-C8E881C730AF}
	EndGlobalSection
EndGlobal
